
Microsoft Visual Studio Solution File, Format Version 12.00
# Visual Studio 15
VisualStudioVersion = 15.0.28307.1000
MinimumVisualStudioVersion = 10.0.40219.1
Project("{00D1A9C2-B5F0-4AF3-8072-F6C62B433612}") = "Database", "Database\Database.sqlproj", "{AE93403F-9A9F-4C99-9832-6A12CB06961D}"
EndProject
Global
	GlobalSection(SolutionConfigurationPlatforms) = preSolution
		Debug|Any CPU = Debug|Any CPU
		Release|Any CPU = Release|Any CPU
	EndGlobalSection
	GlobalSection(ProjectConfigurationPlatforms) = postSolution
		{AE93403F-9A9F-4C99-9832-6A12CB06961D}.Debug|Any CPU.ActiveCfg = Debug|Any CPU
		{AE93403F-9A9F-4C99-9832-6A12CB06961D}.Debug|Any CPU.Build.0 = Debug|Any CPU
		{AE93403F-9A9F-4C99-9832-6A12CB06961D}.Release|Any CPU.ActiveCfg = Debug|Any CPU
		{AE93403F-9A9F-4C99-9832-6A12CB06961D}.Release|Any CPU.Build.0 = Debug|Any CPU
	EndGlobalSection
	GlobalSection(SolutionProperties) = preSolution
		HideSolutionNode = FALSE
	EndGlobalSection
	GlobalSection(ExtensibilityGlobals) = postSolution
		SolutionGuid = {159BABE1-BE1B-4BBA-BBF5-13194B93FA4D}
	EndGlobalSection
EndGlobal
